
Microsoft Visual Studio Solution File, Format Version 12.00
# Visual Studio Version 17
VisualStudioVersion = 17.3.32804.467
MinimumVisualStudioVersion = 10.0.40219.1
Project("{FAE04EC0-301F-11D3-BF4B-00C04F79EFBC}") = "TrainingMessageBus", "TrainingMessageBus\TrainingMessageBus.csproj", "{1EE61C8A-6756-46BB-A6B2-B72ED0CC1FF8}"
EndProject
Project("{FAE04EC0-301F-11D3-BF4B-00C04F79EFBC}") = "AnotherAPI", "AnotherAPI\AnotherAPI.csproj", "{CBBF0D37-7BCD-47C1-9B66-6ADBA50C6C67}"
EndProject
Global
	GlobalSection(SolutionConfigurationPlatforms) = preSolution
		Debug|Any CPU = Debug|Any CPU
		Release|Any CPU = Release|Any CPU
	EndGlobalSection
	GlobalSection(ProjectConfigurationPlatforms) = postSolution
		{1EE61C8A-6756-46BB-A6B2-B72ED0CC1FF8}.Debug|Any CPU.ActiveCfg = Debug|Any CPU
		{1EE61C8A-6756-46BB-A6B2-B72ED0CC1FF8}.Debug|Any CPU.Build.0 = Debug|Any CPU
		{1EE61C8A-6756-46BB-A6B2-B72ED0CC1FF8}.Release|Any CPU.ActiveCfg = Release|Any CPU
		{1EE61C8A-6756-46BB-A6B2-B72ED0CC1FF8}.Release|Any CPU.Build.0 = Release|Any CPU
		{CBBF0D37-7BCD-47C1-9B66-6ADBA50C6C67}.Debug|Any CPU.ActiveCfg = Debug|Any CPU
		{CBBF0D37-7BCD-47C1-9B66-6ADBA50C6C67}.Debug|Any CPU.Build.0 = Debug|Any CPU
		{CBBF0D37-7BCD-47C1-9B66-6ADBA50C6C67}.Release|Any CPU.ActiveCfg = Release|Any CPU
		{CBBF0D37-7BCD-47C1-9B66-6ADBA50C6C67}.Release|Any CPU.Build.0 = Release|Any CPU
	EndGlobalSection
	GlobalSection(SolutionProperties) = preSolution
		HideSolutionNode = FALSE
	EndGlobalSection
	GlobalSection(ExtensibilityGlobals) = postSolution
		SolutionGuid = {B822E747-83D4-434F-9531-7FDC14E172D3}
	EndGlobalSection
EndGlobal
